
Microsoft Visual Studio Solution File, Format Version 12.00
# Visual Studio Version 17
VisualStudioVersion = 17.6.33801.468
MinimumVisualStudioVersion = 10.0.40219.1
Project("{FAE04EC0-301F-11D3-BF4B-00C04F79EFBC}") = "Login", "Login.csproj", "{27ECD137-1706-41BE-B1A5-FD64EB99BB25}"
EndProject
Global
	GlobalSection(SolutionConfigurationPlatforms) = preSolution
		Debug|Any CPU = Debug|Any CPU
		Release|Any CPU = Release|Any CPU
	EndGlobalSection
	GlobalSection(ProjectConfigurationPlatforms) = postSolution
		{27ECD137-1706-41BE-B1A5-FD64EB99BB25}.Debug|Any CPU.ActiveCfg = Debug|Any CPU
		{27ECD137-1706-41BE-B1A5-FD64EB99BB25}.Debug|Any CPU.Build.0 = Debug|Any CPU
		{27ECD137-1706-41BE-B1A5-FD64EB99BB25}.Release|Any CPU.ActiveCfg = Release|Any CPU
		{27ECD137-1706-41BE-B1A5-FD64EB99BB25}.Release|Any CPU.Build.0 = Release|Any CPU
	EndGlobalSection
	GlobalSection(SolutionProperties) = preSolution
		HideSolutionNode = FALSE
	EndGlobalSection
	GlobalSection(ExtensibilityGlobals) = postSolution
		SolutionGuid = {34B9143C-FC5B-40E3-AF1F-187ED7E37FC9}
	EndGlobalSection
EndGlobal
